
Microsoft Visual Studio Solution File, Format Version 12.00
# Visual Studio Version 16
VisualStudioVersion = 16.0.31624.102
MinimumVisualStudioVersion = 10.0.40219.1
Project("{FAE04EC0-301F-11D3-BF4B-00C04F79EFBC}") = "2020_2021_KY1", "2020_2021_KY1\2020_2021_KY1.csproj", "{B0024078-643B-42A8-828F-B46A69A84B45}"
EndProject
Global
	GlobalSection(SolutionConfigurationPlatforms) = preSolution
		Debug|Any CPU = Debug|Any CPU
		Release|Any CPU = Release|Any CPU
	EndGlobalSection
	GlobalSection(ProjectConfigurationPlatforms) = postSolution
		{B0024078-643B-42A8-828F-B46A69A84B45}.Debug|Any CPU.ActiveCfg = Debug|Any CPU
		{B0024078-643B-42A8-828F-B46A69A84B45}.Debug|Any CPU.Build.0 = Debug|Any CPU
		{B0024078-643B-42A8-828F-B46A69A84B45}.Release|Any CPU.ActiveCfg = Release|Any CPU
		{B0024078-643B-42A8-828F-B46A69A84B45}.Release|Any CPU.Build.0 = Release|Any CPU
	EndGlobalSection
	GlobalSection(SolutionProperties) = preSolution
		HideSolutionNode = FALSE
	EndGlobalSection
	GlobalSection(ExtensibilityGlobals) = postSolution
		SolutionGuid = {640FF25A-50E4-4E8B-9A9E-5B9805C99AE1}
	EndGlobalSection
EndGlobal
