
Microsoft Visual Studio Solution File, Format Version 12.00
# Visual Studio Version 16
VisualStudioVersion = 16.0.31624.102
MinimumVisualStudioVersion = 10.0.40219.1
Project("{FAE04EC0-301F-11D3-BF4B-00C04F79EFBC}") = "Week9", "Week9\Week9.csproj", "{442251B1-2AB7-4256-BF96-290BF636FC5D}"
EndProject
Global
	GlobalSection(SolutionConfigurationPlatforms) = preSolution
		Debug|Any CPU = Debug|Any CPU
		Release|Any CPU = Release|Any CPU
	EndGlobalSection
	GlobalSection(ProjectConfigurationPlatforms) = postSolution
		{442251B1-2AB7-4256-BF96-290BF636FC5D}.Debug|Any CPU.ActiveCfg = Debug|Any CPU
		{442251B1-2AB7-4256-BF96-290BF636FC5D}.Debug|Any CPU.Build.0 = Debug|Any CPU
		{442251B1-2AB7-4256-BF96-290BF636FC5D}.Release|Any CPU.ActiveCfg = Release|Any CPU
		{442251B1-2AB7-4256-BF96-290BF636FC5D}.Release|Any CPU.Build.0 = Release|Any CPU
	EndGlobalSection
	GlobalSection(SolutionProperties) = preSolution
		HideSolutionNode = FALSE
	EndGlobalSection
	GlobalSection(ExtensibilityGlobals) = postSolution
		SolutionGuid = {F715BBAF-E1B3-42DC-A27B-82D56D43B557}
	EndGlobalSection
EndGlobal
