
Microsoft Visual Studio Solution File, Format Version 12.00
# Visual Studio Version 16
VisualStudioVersion = 16.0.31624.102
MinimumVisualStudioVersion = 10.0.40219.1
Project("{FAE04EC0-301F-11D3-BF4B-00C04F79EFBC}") = "Lab04", "Lab04\Lab04.csproj", "{E38D01B7-041F-4868-A529-B8CAC3F1CC93}"
EndProject
Global
	GlobalSection(SolutionConfigurationPlatforms) = preSolution
		Debug|Any CPU = Debug|Any CPU
		Release|Any CPU = Release|Any CPU
	EndGlobalSection
	GlobalSection(ProjectConfigurationPlatforms) = postSolution
		{E38D01B7-041F-4868-A529-B8CAC3F1CC93}.Debug|Any CPU.ActiveCfg = Debug|Any CPU
		{E38D01B7-041F-4868-A529-B8CAC3F1CC93}.Debug|Any CPU.Build.0 = Debug|Any CPU
		{E38D01B7-041F-4868-A529-B8CAC3F1CC93}.Release|Any CPU.ActiveCfg = Release|Any CPU
		{E38D01B7-041F-4868-A529-B8CAC3F1CC93}.Release|Any CPU.Build.0 = Release|Any CPU
	EndGlobalSection
	GlobalSection(SolutionProperties) = preSolution
		HideSolutionNode = FALSE
	EndGlobalSection
	GlobalSection(ExtensibilityGlobals) = postSolution
		SolutionGuid = {F7142DD9-469E-4042-B4FD-BD350C37ADC2}
	EndGlobalSection
EndGlobal
