
Microsoft Visual Studio Solution File, Format Version 12.00
# Visual Studio Version 16
VisualStudioVersion = 16.0.31624.102
MinimumVisualStudioVersion = 10.0.40219.1
Project("{FAE04EC0-301F-11D3-BF4B-00C04F79EFBC}") = "19520113_Week7", "19520113_Week7\19520113_Week7.csproj", "{9CCC872A-9093-456B-8B9A-29818EBD6801}"
EndProject
Global
	GlobalSection(SolutionConfigurationPlatforms) = preSolution
		Debug|Any CPU = Debug|Any CPU
		Release|Any CPU = Release|Any CPU
	EndGlobalSection
	GlobalSection(ProjectConfigurationPlatforms) = postSolution
		{9CCC872A-9093-456B-8B9A-29818EBD6801}.Debug|Any CPU.ActiveCfg = Debug|Any CPU
		{9CCC872A-9093-456B-8B9A-29818EBD6801}.Debug|Any CPU.Build.0 = Debug|Any CPU
		{9CCC872A-9093-456B-8B9A-29818EBD6801}.Release|Any CPU.ActiveCfg = Release|Any CPU
		{9CCC872A-9093-456B-8B9A-29818EBD6801}.Release|Any CPU.Build.0 = Release|Any CPU
	EndGlobalSection
	GlobalSection(SolutionProperties) = preSolution
		HideSolutionNode = FALSE
	EndGlobalSection
	GlobalSection(ExtensibilityGlobals) = postSolution
		SolutionGuid = {4E6B3C5F-921E-4063-9A6D-6049693A30DE}
	EndGlobalSection
EndGlobal
