
Microsoft Visual Studio Solution File, Format Version 12.00
# Visual Studio Version 16
VisualStudioVersion = 16.0.31624.102
MinimumVisualStudioVersion = 10.0.40219.1
Project("{FAE04EC0-301F-11D3-BF4B-00C04F79EFBC}") = "2019_2020_KY2", "2019_2020_KY2\2019_2020_KY2.csproj", "{69ECCF50-3440-4483-B74A-44B3EFABAAF9}"
EndProject
Global
	GlobalSection(SolutionConfigurationPlatforms) = preSolution
		Debug|Any CPU = Debug|Any CPU
		Release|Any CPU = Release|Any CPU
	EndGlobalSection
	GlobalSection(ProjectConfigurationPlatforms) = postSolution
		{69ECCF50-3440-4483-B74A-44B3EFABAAF9}.Debug|Any CPU.ActiveCfg = Debug|Any CPU
		{69ECCF50-3440-4483-B74A-44B3EFABAAF9}.Debug|Any CPU.Build.0 = Debug|Any CPU
		{69ECCF50-3440-4483-B74A-44B3EFABAAF9}.Release|Any CPU.ActiveCfg = Release|Any CPU
		{69ECCF50-3440-4483-B74A-44B3EFABAAF9}.Release|Any CPU.Build.0 = Release|Any CPU
	EndGlobalSection
	GlobalSection(SolutionProperties) = preSolution
		HideSolutionNode = FALSE
	EndGlobalSection
	GlobalSection(ExtensibilityGlobals) = postSolution
		SolutionGuid = {4661D37F-FAAE-42E9-A248-44419D7ADEDA}
	EndGlobalSection
EndGlobal
